<Solution>
  <Folder Name="/.github/">
    <File Path=".github/copilot-instructions.md" />
    <File Path=".github/pull_request_template.md" />
  </Folder>
  <Folder Name="/.github/workflows/">
    <File Path=".github/workflows/ci.yml" />
    <File Path=".github/workflows/samples-ci.yml" />
  </Folder>
    <Folder Name="/docs/">
      <File Path="docs/implementation-summary-parallel-projection-rebuilding.md" />
    <File Path="docs/README.md" />
  </Folder>
  <Folder Name="/docs/decisions/">
    <File Path="docs/decisions/001-configureawait-implementation.md" />
    <File Path="docs/decisions/002-nuget-release-readiness-assessment.md" />
    <File Path="docs/decisions/configureawait-analysis.md" />
  </Folder>
  <Folder Name="/docs/features/">
    <File Path="docs/features/ledger.md" />
    <File Path="docs/features/parallel-projection-rebuilding.md" />
    <File Path="docs/features/projection-tag-indexing.md" />
  </Folder>
  <Folder Name="/docs/future-plans/">
    <File Path="docs/future-plans/batched-flush-redesign-plan.md" />
  </Folder>
  <Folder Name="/docs/guides/">
    <File Path="docs/guides/configureawait-guide.md" />
    <File Path="docs/guides/durability-quick-reference.md" />
    <File Path="docs/guides/projection-tags-quick-start.md" />
    <File Path="docs/guides/understanding-slnx-files.md" />
    <File Path="docs/guides/use-cases.md" />
  </Folder>
  <Folder Name="/docs/implementation/">
    <File Path="docs/implementation/bugfix-dcb-concurrency-control.md" />
    <File Path="docs/implementation/bugfix-enrollment-tier-limit.md" />
    <File Path="docs/implementation/configureawait-summary.md" />
    <File Path="docs/implementation/dataseeder-command-handler-fix.md" />
    <File Path="docs/implementation/dataseeder-fix-complete.md" />
    <File Path="docs/implementation/dataseeder-optimization.md" />
    <File Path="docs/implementation/durability-guarantees.md" />
    <File Path="docs/implementation/filesystem-read-optimization.md" />
    <File Path="docs/implementation/global-exception-handling.md" />
    <File Path="docs/implementation/parallel-reads-impact.md" />
    <File Path="docs/implementation/parallel-reads-strategy.md" />
    <File Path="docs/implementation/performance-getasync-lock-fix.md" />
    <File Path="docs/implementation/phase-1-2-summary.md" />
    <File Path="docs/implementation/phase-2a-summary.md" />
    <File Path="docs/implementation/projection-tag-indexing-progress.md" />
    <File Path="docs/implementation/projection-tag-indexing-summary.md" />
    <File Path="docs/implementation/student-registration-retry-logic.md" />
    <File Path="docs/implementation/test-coverage-durability.md" />
    <File Path="docs/implementation/test-refactoring-summary.md" />
  </Folder>
  <Folder Name="/docs/lessons-learned/">
    <File Path="docs/lessons-learned/batched-flush-failure.md" />
  </Folder>
  <Folder Name="/docs/performance/">
    <File Path="docs/performance/PERFORMANCE-BASELINE.md" />
  </Folder>
  <Folder Name="/docs/specifications/">
    <File Path="docs/specifications/README.md" />
    <File Path="docs/specifications/spec-001-projection-metadata.md" />
    <File Path="docs/specifications/spec-002-cache-warming.md" />
    <File Path="docs/specifications/spec-003-retention-policies.md" />
    <File Path="docs/specifications/spec-004-archiving-compression.md" />
    <File Path="docs/specifications/spec-005-smart-retention.md" />
  </Folder>
  <Folder Name="/docs/testing/">
    <File Path="docs/testing/sample-app-tests.md" />
  </Folder>  
  <Folder Name="/Samples/">
    <Project Path="Samples/Opossum.Samples.CourseManagement/Opossum.Samples.CourseManagement.csproj" />
    <Project Path="Samples/Opossum.Samples.DataSeeder/Opossum.Samples.DataSeeder.csproj" Id="d2fb5b4e-cee3-48f1-b61e-9db18a950231" />
  </Folder>
  <Folder Name="/Solution Items/">
    <File Path=".gitignore" />
    <File Path="Directory.Packages.props" />
    <File Path="README.md" />
  </Folder>
  <Folder Name="/Specification/">
    <File Path="Specification/DCB-Specification.md" />
  </Folder>
  <Folder Name="/src/">
    <Project Path="src/Opossum/Opossum.csproj" />
  </Folder>
  <Folder Name="/tests/">
    <File Path="tests/Opossum.BenchmarkTests/README.md" />
    <Project Path="tests/Opossum.BenchmarkTests/Opossum.BenchmarkTests.csproj" />
    <Project Path="tests/Opossum.IntegrationTests/Opossum.IntegrationTests.csproj" />
    <Project Path="tests/Opossum.UnitTests/Opossum.UnitTests.csproj" />
  </Folder>
  <Folder Name="/tests/Samples/">
    <Project Path="tests/Samples/Opossum.Samples.CourseManagement.IntegrationTests/Opossum.Samples.CourseManagement.IntegrationTests.csproj" />
    <Project Path="tests/Samples/Opossum.Samples.CourseManagement.UnitTests/Opossum.Samples.CourseManagement.UnitTests.csproj" />
  </Folder>
</Solution>
